# THIS IS AN AUTOGENERATED FILE. DO NOT EDIT THIS FILE DIRECTLY.
# yarn lockfile v1


dompurify@^3.0.8:
  version "3.0.8"
  resolved "https://registry.yarnpkg.com/dompurify/-/dompurify-3.0.8.tgz#e0021ab1b09184bc8af7e35c7dd9063f43a8a437"
  integrity sha512-b7uwreMYL2eZhrSCRC4ahLTeZcPZxSmYfmcQGXGkXiZSNW1X85v+SDM5KsWcpivIiUBH47Ji7NtyUdpLeF5JZQ==
